{
  "name": "To-Do",
  "lockfileVersion": 3,
  "requires": true,
  "packages": {
    "": {
      "dependencies": {
        "lucide": "^0.553.0"
      }
    },
    "node_modules/lucide": {
      "version": "0.553.0",
      "resolved": "https://registry.npmjs.org/lucide/-/lucide-0.553.0.tgz",
      "integrity": "sha512-zdU8nM8mTqFUE6uBP+ncZRN+CTONxwhZbOL2dy+7gINRb1/6zCNQnv6nqpdSrEy5/gy/aJj6FxWHO8WdQgfN0g==",
      "license": "ISC"
    }
  }
}
